// !$*UTF8*$!
{
	archiveVersion = 1;
	classes = {
	};
	objectVersion = 55;
	objects = {

/* Begin PBXBuildFile section */
		A20CCA69289D50AB00AF8113 /* WebViewController.swift in Sources */ = {isa = PBXBuildFile; fileRef = A20CCA68289D50AB00AF8113 /* WebViewController.swift */; };
		A235312C289BC1130067F2F2 /* Tabman in Frameworks */ = {isa = PBXBuildFile; productRef = A235312B289BC1130067F2F2 /* Tabman */; };
		A28CCF4E289E8AFC0001584E /* TabPageCollectionViewCell.swift in Sources */ = {isa = PBXBuildFile; fileRef = A28CCF4D289E8AFC0001584E /* TabPageCollectionViewCell.swift */; };
		A28CCF57289EB8E10001584E /* CircularCollectionViewLayout.swift in Sources */ = {isa = PBXBuildFile; fileRef = A28CCF56289EB8E10001584E /* CircularCollectionViewLayout.swift */; };
		A29DE88A28AE3E5D005BF8F0 /* WalkThrough.storyboard in Resources */ = {isa = PBXBuildFile; fileRef = A29DE88928AE3E5D005BF8F0 /* WalkThrough.storyboard */; };
		A29DE88C28AE3EA1005BF8F0 /* WalkThroughPageViewController.swift in Sources */ = {isa = PBXBuildFile; fileRef = A29DE88B28AE3EA1005BF8F0 /* WalkThroughPageViewController.swift */; };
		A29DE88E28AE3EF7005BF8F0 /* FirstViewController.swift in Sources */ = {isa = PBXBuildFile; fileRef = A29DE88D28AE3EF7005BF8F0 /* FirstViewController.swift */; };
		A29DE89028AE3F23005BF8F0 /* SecondViewController.swift in Sources */ = {isa = PBXBuildFile; fileRef = A29DE88F28AE3F23005BF8F0 /* SecondViewController.swift */; };
		A29DE89228AE3F41005BF8F0 /* ThirdViewController.swift in Sources */ = {isa = PBXBuildFile; fileRef = A29DE89128AE3F41005BF8F0 /* ThirdViewController.swift */; };
		A2A5586828A566EC000E6F0A /* TheaterViewController.swift in Sources */ = {isa = PBXBuildFile; fileRef = A2A5586728A566EC000E6F0A /* TheaterViewController.swift */; };
		A2A5586A28A56D92000E6F0A /* TheaterModel.swift in Sources */ = {isa = PBXBuildFile; fileRef = A2A5586928A56D92000E6F0A /* TheaterModel.swift */; };
		A2C27A0828A2A3C70016E150 /* RecommendationViewController.swift in Sources */ = {isa = PBXBuildFile; fileRef = A2C27A0728A2A3C70016E150 /* RecommendationViewController.swift */; };
		A2C27A0B28A2A4970016E150 /* CardView.xib in Resources */ = {isa = PBXBuildFile; fileRef = A2C27A0A28A2A4970016E150 /* CardView.xib */; };
		A2C27A0D28A2A5EC0016E150 /* CardView.swift in Sources */ = {isa = PBXBuildFile; fileRef = A2C27A0C28A2A5EC0016E150 /* CardView.swift */; };
		A2C27A1028A2A71F0016E150 /* CardCollectionViewCell.swift in Sources */ = {isa = PBXBuildFile; fileRef = A2C27A0E28A2A71F0016E150 /* CardCollectionViewCell.swift */; };
		A2C27A1128A2A71F0016E150 /* CardCollectionViewCell.xib in Resources */ = {isa = PBXBuildFile; fileRef = A2C27A0F28A2A71F0016E150 /* CardCollectionViewCell.xib */; };
		A2C27A1328A2A7E60016E150 /* RecommendationTableViewCell.swift in Sources */ = {isa = PBXBuildFile; fileRef = A2C27A1228A2A7E60016E150 /* RecommendationTableViewCell.swift */; };
		A2CA112C289C402A004A3897 /* Main.storyboard in Resources */ = {isa = PBXBuildFile; fileRef = A2CA112B289C402A004A3897 /* Main.storyboard */; };
		A2CA112E289C405D004A3897 /* MainViewController.swift in Sources */ = {isa = PBXBuildFile; fileRef = A2CA112D289C405D004A3897 /* MainViewController.swift */; };
		A2CA1131289C4070004A3897 /* PersonViewController.swift in Sources */ = {isa = PBXBuildFile; fileRef = A2CA112F289C4070004A3897 /* PersonViewController.swift */; };
		A2CA1132289C4070004A3897 /* DramaViewController.swift in Sources */ = {isa = PBXBuildFile; fileRef = A2CA1130289C4070004A3897 /* DramaViewController.swift */; };
		A2CA1135289C40A1004A3897 /* MovieViewController.swift in Sources */ = {isa = PBXBuildFile; fileRef = A2CA1133289C40A1004A3897 /* MovieViewController.swift */; };
		A2CA113C289C40B0004A3897 /* MovieDetailViewController.swift in Sources */ = {isa = PBXBuildFile; fileRef = A2CA1138289C40AF004A3897 /* MovieDetailViewController.swift */; };
		A2CA113D289C40B0004A3897 /* MovieCastTableViewCell.swift in Sources */ = {isa = PBXBuildFile; fileRef = A2CA1139289C40AF004A3897 /* MovieCastTableViewCell.swift */; };
		A2CA113E289C40B0004A3897 /* MovieOverviewTableViewCell.swift in Sources */ = {isa = PBXBuildFile; fileRef = A2CA113A289C40B0004A3897 /* MovieOverviewTableViewCell.swift */; };
		A2CA1143289C931C004A3897 /* EmptyCollectionViewCell.swift in Sources */ = {isa = PBXBuildFile; fileRef = A2CA1141289C931C004A3897 /* EmptyCollectionViewCell.swift */; };
		A2CA1144289C931C004A3897 /* EmptyCollectionViewCell.xib in Resources */ = {isa = PBXBuildFile; fileRef = A2CA1142289C931C004A3897 /* EmptyCollectionViewCell.xib */; };
		A2D34889289AD5D500677714 /* SwiftyJSON in Frameworks */ = {isa = PBXBuildFile; productRef = A2D34888289AD5D500677714 /* SwiftyJSON */; };
		A2D3488C289AD7B400677714 /* Alamofire in Frameworks */ = {isa = PBXBuildFile; productRef = A2D3488B289AD7B400677714 /* Alamofire */; };
		A2D3488F289B4BC000677714 /* Kingfisher in Frameworks */ = {isa = PBXBuildFile; productRef = A2D3488E289B4BC000677714 /* Kingfisher */; };
		A2D34895289B506800677714 /* JGProgressHUD in Frameworks */ = {isa = PBXBuildFile; productRef = A2D34894289B506800677714 /* JGProgressHUD */; };
		A2E6E1AA2899F6C800844770 /* AppDelegate.swift in Sources */ = {isa = PBXBuildFile; fileRef = A2E6E1A92899F6C800844770 /* AppDelegate.swift */; };
		A2E6E1AC2899F6C800844770 /* SceneDelegate.swift in Sources */ = {isa = PBXBuildFile; fileRef = A2E6E1AB2899F6C800844770 /* SceneDelegate.swift */; };
		A2E6E1B32899F6C900844770 /* Assets.xcassets in Resources */ = {isa = PBXBuildFile; fileRef = A2E6E1B22899F6C900844770 /* Assets.xcassets */; };
		A2E6E1B62899F6C900844770 /* LaunchScreen.storyboard in Resources */ = {isa = PBXBuildFile; fileRef = A2E6E1B42899F6C900844770 /* LaunchScreen.storyboard */; };
		A2E6E1BE2899F7D600844770 /* .gitignore in Resources */ = {isa = PBXBuildFile; fileRef = A2E6E1BD2899F7D600844770 /* .gitignore */; };
		A2E6E1C42899F88B00844770 /* Keys.swift in Sources */ = {isa = PBXBuildFile; fileRef = A2E6E1C32899F88B00844770 /* Keys.swift */; };
		A2E6E1CA2899F9CE00844770 /* Constants.swift in Sources */ = {isa = PBXBuildFile; fileRef = A2E6E1C92899F9CE00844770 /* Constants.swift */; };
		A2F2E4A0289CECE1002DB67E /* MovieAPIManager.swift in Sources */ = {isa = PBXBuildFile; fileRef = A2F2E49F289CECE1002DB67E /* MovieAPIManager.swift */; };
		A2F2E4A2289CF552002DB67E /* MovieAPIModel.swift in Sources */ = {isa = PBXBuildFile; fileRef = A2F2E4A1289CF552002DB67E /* MovieAPIModel.swift */; };
/* End PBXBuildFile section */

/* Begin PBXFileReference section */
		A20CCA68289D50AB00AF8113 /* WebViewController.swift */ = {isa = PBXFileReference; lastKnownFileType = sourcecode.swift; path = WebViewController.swift; sourceTree = "<group>"; };
		A28CCF4D289E8AFC0001584E /* TabPageCollectionViewCell.swift */ = {isa = PBXFileReference; lastKnownFileType = sourcecode.swift; name = TabPageCollectionViewCell.swift; path = "../../../TMDBProject 2/UI/Movie/TabPageCollectionViewCell.swift"; sourceTree = "<group>"; };
		A28CCF56289EB8E10001584E /* CircularCollectionViewLayout.swift */ = {isa = PBXFileReference; lastKnownFileType = sourcecode.swift; path = CircularCollectionViewLayout.swift; sourceTree = "<group>"; };
		A29DE88928AE3E5D005BF8F0 /* WalkThrough.storyboard */ = {isa = PBXFileReference; lastKnownFileType = file.storyboard; path = WalkThrough.storyboard; sourceTree = "<group>"; };
		A29DE88B28AE3EA1005BF8F0 /* WalkThroughPageViewController.swift */ = {isa = PBXFileReference; lastKnownFileType = sourcecode.swift; path = WalkThroughPageViewController.swift; sourceTree = "<group>"; };
		A29DE88D28AE3EF7005BF8F0 /* FirstViewController.swift */ = {isa = PBXFileReference; lastKnownFileType = sourcecode.swift; path = FirstViewController.swift; sourceTree = "<group>"; };
		A29DE88F28AE3F23005BF8F0 /* SecondViewController.swift */ = {isa = PBXFileReference; lastKnownFileType = sourcecode.swift; path = SecondViewController.swift; sourceTree = "<group>"; };
		A29DE89128AE3F41005BF8F0 /* ThirdViewController.swift */ = {isa = PBXFileReference; lastKnownFileType = sourcecode.swift; path = ThirdViewController.swift; sourceTree = "<group>"; };
		A2A5586728A566EC000E6F0A /* TheaterViewController.swift */ = {isa = PBXFileReference; lastKnownFileType = sourcecode.swift; path = TheaterViewController.swift; sourceTree = "<group>"; };
		A2A5586928A56D92000E6F0A /* TheaterModel.swift */ = {isa = PBXFileReference; lastKnownFileType = sourcecode.swift; path = TheaterModel.swift; sourceTree = "<group>"; };
		A2C27A0728A2A3C70016E150 /* RecommendationViewController.swift */ = {isa = PBXFileReference; lastKnownFileType = sourcecode.swift; path = RecommendationViewController.swift; sourceTree = "<group>"; };
		A2C27A0A28A2A4970016E150 /* CardView.xib */ = {isa = PBXFileReference; lastKnownFileType = file.xib; path = CardView.xib; sourceTree = "<group>"; };
		A2C27A0C28A2A5EC0016E150 /* CardView.swift */ = {isa = PBXFileReference; lastKnownFileType = sourcecode.swift; path = CardView.swift; sourceTree = "<group>"; };
		A2C27A0E28A2A71F0016E150 /* CardCollectionViewCell.swift */ = {isa = PBXFileReference; lastKnownFileType = sourcecode.swift; path = CardCollectionViewCell.swift; sourceTree = "<group>"; };
		A2C27A0F28A2A71F0016E150 /* CardCollectionViewCell.xib */ = {isa = PBXFileReference; lastKnownFileType = file.xib; path = CardCollectionViewCell.xib; sourceTree = "<group>"; };
		A2C27A1228A2A7E60016E150 /* RecommendationTableViewCell.swift */ = {isa = PBXFileReference; lastKnownFileType = sourcecode.swift; path = RecommendationTableViewCell.swift; sourceTree = "<group>"; };
		A2CA112B289C402A004A3897 /* Main.storyboard */ = {isa = PBXFileReference; fileEncoding = 4; lastKnownFileType = file.storyboard; path = Main.storyboard; sourceTree = "<group>"; };
		A2CA112D289C405D004A3897 /* MainViewController.swift */ = {isa = PBXFileReference; fileEncoding = 4; lastKnownFileType = sourcecode.swift; path = MainViewController.swift; sourceTree = "<group>"; };
		A2CA112F289C4070004A3897 /* PersonViewController.swift */ = {isa = PBXFileReference; fileEncoding = 4; lastKnownFileType = sourcecode.swift; path = PersonViewController.swift; sourceTree = "<group>"; };
		A2CA1130289C4070004A3897 /* DramaViewController.swift */ = {isa = PBXFileReference; fileEncoding = 4; lastKnownFileType = sourcecode.swift; path = DramaViewController.swift; sourceTree = "<group>"; };
		A2CA1133289C40A1004A3897 /* MovieViewController.swift */ = {isa = PBXFileReference; fileEncoding = 4; lastKnownFileType = sourcecode.swift; path = MovieViewController.swift; sourceTree = "<group>"; };
		A2CA1138289C40AF004A3897 /* MovieDetailViewController.swift */ = {isa = PBXFileReference; fileEncoding = 4; lastKnownFileType = sourcecode.swift; path = MovieDetailViewController.swift; sourceTree = "<group>"; };
		A2CA1139289C40AF004A3897 /* MovieCastTableViewCell.swift */ = {isa = PBXFileReference; fileEncoding = 4; lastKnownFileType = sourcecode.swift; path = MovieCastTableViewCell.swift; sourceTree = "<group>"; };
		A2CA113A289C40B0004A3897 /* MovieOverviewTableViewCell.swift */ = {isa = PBXFileReference; fileEncoding = 4; lastKnownFileType = sourcecode.swift; path = MovieOverviewTableViewCell.swift; sourceTree = "<group>"; };
		A2CA1141289C931C004A3897 /* EmptyCollectionViewCell.swift */ = {isa = PBXFileReference; lastKnownFileType = sourcecode.swift; path = EmptyCollectionViewCell.swift; sourceTree = "<group>"; };
		A2CA1142289C931C004A3897 /* EmptyCollectionViewCell.xib */ = {isa = PBXFileReference; lastKnownFileType = file.xib; path = EmptyCollectionViewCell.xib; sourceTree = "<group>"; };
		A2E6E1A62899F6C800844770 /* TMDBProject.app */ = {isa = PBXFileReference; explicitFileType = wrapper.application; includeInIndex = 0; path = TMDBProject.app; sourceTree = BUILT_PRODUCTS_DIR; };
		A2E6E1A92899F6C800844770 /* AppDelegate.swift */ = {isa = PBXFileReference; lastKnownFileType = sourcecode.swift; path = AppDelegate.swift; sourceTree = "<group>"; };
		A2E6E1AB2899F6C800844770 /* SceneDelegate.swift */ = {isa = PBXFileReference; lastKnownFileType = sourcecode.swift; path = SceneDelegate.swift; sourceTree = "<group>"; };
		A2E6E1B22899F6C900844770 /* Assets.xcassets */ = {isa = PBXFileReference; lastKnownFileType = folder.assetcatalog; path = Assets.xcassets; sourceTree = "<group>"; };
		A2E6E1B52899F6C900844770 /* Base */ = {isa = PBXFileReference; lastKnownFileType = file.storyboard; name = Base; path = Base.lproj/LaunchScreen.storyboard; sourceTree = "<group>"; };
		A2E6E1B72899F6C900844770 /* Info.plist */ = {isa = PBXFileReference; lastKnownFileType = text.plist.xml; path = Info.plist; sourceTree = "<group>"; };
		A2E6E1BD2899F7D600844770 /* .gitignore */ = {isa = PBXFileReference; lastKnownFileType = text; path = .gitignore; sourceTree = "<group>"; };
		A2E6E1C32899F88B00844770 /* Keys.swift */ = {isa = PBXFileReference; lastKnownFileType = sourcecode.swift; path = Keys.swift; sourceTree = "<group>"; };
		A2E6E1C92899F9CE00844770 /* Constants.swift */ = {isa = PBXFileReference; lastKnownFileType = sourcecode.swift; path = Constants.swift; sourceTree = "<group>"; };
		A2F2E49F289CECE1002DB67E /* MovieAPIManager.swift */ = {isa = PBXFileReference; lastKnownFileType = sourcecode.swift; path = MovieAPIManager.swift; sourceTree = "<group>"; };
		A2F2E4A1289CF552002DB67E /* MovieAPIModel.swift */ = {isa = PBXFileReference; lastKnownFileType = sourcecode.swift; path = MovieAPIModel.swift; sourceTree = "<group>"; };
/* End PBXFileReference section */

/* Begin PBXFrameworksBuildPhase section */
		A2E6E1A32899F6C800844770 /* Frameworks */ = {
			isa = PBXFrameworksBuildPhase;
			buildActionMask = 2147483647;
			files = (
				A235312C289BC1130067F2F2 /* Tabman in Frameworks */,
				A2D34895289B506800677714 /* JGProgressHUD in Frameworks */,
				A2D3488F289B4BC000677714 /* Kingfisher in Frameworks */,
				A2D34889289AD5D500677714 /* SwiftyJSON in Frameworks */,
				A2D3488C289AD7B400677714 /* Alamofire in Frameworks */,
			);
			runOnlyForDeploymentPostprocessing = 0;
		};
/* End PBXFrameworksBuildPhase section */

/* Begin PBXGroup section */
		A28CCF4A289E8ADC0001584E /* Main */ = {
			isa = PBXGroup;
			children = (
				A2CA112D289C405D004A3897 /* MainViewController.swift */,
			);
			path = Main;
			sourceTree = "<group>";
		};
		A28CCF4B289E8AE40001584E /* Movie */ = {
			isa = PBXGroup;
			children = (
				A2CA1133289C40A1004A3897 /* MovieViewController.swift */,
				A28CCF4D289E8AFC0001584E /* TabPageCollectionViewCell.swift */,
			);
			path = Movie;
			sourceTree = "<group>";
		};
		A28CCF4F289E8B7A0001584E /* MovieDetail */ = {
			isa = PBXGroup;
			children = (
				A2CA1138289C40AF004A3897 /* MovieDetailViewController.swift */,
				A2CA1139289C40AF004A3897 /* MovieCastTableViewCell.swift */,
				A2CA113A289C40B0004A3897 /* MovieOverviewTableViewCell.swift */,
				A20CCA68289D50AB00AF8113 /* WebViewController.swift */,
			);
			path = MovieDetail;
			sourceTree = "<group>";
		};
		A28CCF50289E8B870001584E /* EmptyScreen */ = {
			isa = PBXGroup;
			children = (
				A2CA1141289C931C004A3897 /* EmptyCollectionViewCell.swift */,
				A2CA1142289C931C004A3897 /* EmptyCollectionViewCell.xib */,
			);
			path = EmptyScreen;
			sourceTree = "<group>";
		};
		A28CCF51289E8B920001584E /* Person */ = {
			isa = PBXGroup;
			children = (
				A2CA112F289C4070004A3897 /* PersonViewController.swift */,
				A28CCF56289EB8E10001584E /* CircularCollectionViewLayout.swift */,
			);
			path = Person;
			sourceTree = "<group>";
		};
		A28CCF52289E8B9A0001584E /* Drama */ = {
			isa = PBXGroup;
			children = (
				A2CA1130289C4070004A3897 /* DramaViewController.swift */,
			);
			path = Drama;
			sourceTree = "<group>";
		};
		A28CCF53289E90A40001584E /* Storyboard */ = {
			isa = PBXGroup;
			children = (
				A2CA112B289C402A004A3897 /* Main.storyboard */,
				A29DE88928AE3E5D005BF8F0 /* WalkThrough.storyboard */,
			);
			path = Storyboard;
			sourceTree = "<group>";
		};
		A29DE88828AE3E45005BF8F0 /* WalkThrough */ = {
			isa = PBXGroup;
			children = (
				A29DE88B28AE3EA1005BF8F0 /* WalkThroughPageViewController.swift */,
				A29DE88D28AE3EF7005BF8F0 /* FirstViewController.swift */,
				A29DE88F28AE3F23005BF8F0 /* SecondViewController.swift */,
				A29DE89128AE3F41005BF8F0 /* ThirdViewController.swift */,
			);
			path = WalkThrough;
			sourceTree = "<group>";
		};
		A2A5586528A555A0000E6F0A /* Recommend */ = {
			isa = PBXGroup;
			children = (
				A2C27A0728A2A3C70016E150 /* RecommendationViewController.swift */,
				A2C27A1228A2A7E60016E150 /* RecommendationTableViewCell.swift */,
			);
			path = Recommend;
			sourceTree = "<group>";
		};
		A2A5586628A566D9000E6F0A /* Theater */ = {
			isa = PBXGroup;
			children = (
				A2A5586728A566EC000E6F0A /* TheaterViewController.swift */,
				A2A5586928A56D92000E6F0A /* TheaterModel.swift */,
			);
			path = Theater;
			sourceTree = "<group>";
		};
		A2C27A0928A2A45A0016E150 /* View */ = {
			isa = PBXGroup;
			children = (
				A2C27A0A28A2A4970016E150 /* CardView.xib */,
				A2C27A0C28A2A5EC0016E150 /* CardView.swift */,
				A2C27A0E28A2A71F0016E150 /* CardCollectionViewCell.swift */,
				A2C27A0F28A2A71F0016E150 /* CardCollectionViewCell.xib */,
			);
			path = View;
			sourceTree = "<group>";
		};
		A2E6E19D2899F6C800844770 = {
			isa = PBXGroup;
			children = (
				A2E6E1BD2899F7D600844770 /* .gitignore */,
				A2E6E1A82899F6C800844770 /* TMDBProject */,
				A2E6E1A72899F6C800844770 /* Products */,
			);
			sourceTree = "<group>";
		};
		A2E6E1A72899F6C800844770 /* Products */ = {
			isa = PBXGroup;
			children = (
				A2E6E1A62899F6C800844770 /* TMDBProject.app */,
			);
			name = Products;
			sourceTree = "<group>";
		};
		A2E6E1A82899F6C800844770 /* TMDBProject */ = {
			isa = PBXGroup;
			children = (
				A2E6E1C12899F83300844770 /* App */,
				A2E6E1CB2899FAD900844770 /* Constant */,
				A2F2E49E289CEC8D002DB67E /* APIManager */,
				A2C27A0928A2A45A0016E150 /* View */,
				A28CCF53289E90A40001584E /* Storyboard */,
				A29DE88828AE3E45005BF8F0 /* WalkThrough */,
				A28CCF4A289E8ADC0001584E /* Main */,
				A2A5586628A566D9000E6F0A /* Theater */,
				A2A5586528A555A0000E6F0A /* Recommend */,
				A28CCF4B289E8AE40001584E /* Movie */,
				A28CCF4F289E8B7A0001584E /* MovieDetail */,
				A28CCF52289E8B9A0001584E /* Drama */,
				A28CCF51289E8B920001584E /* Person */,
				A28CCF50289E8B870001584E /* EmptyScreen */,
				A2E6E1B22899F6C900844770 /* Assets.xcassets */,
				A2E6E1B42899F6C900844770 /* LaunchScreen.storyboard */,
				A2E6E1B72899F6C900844770 /* Info.plist */,
			);
			path = TMDBProject;
			sourceTree = "<group>";
		};
		A2E6E1C12899F83300844770 /* App */ = {
			isa = PBXGroup;
			children = (
				A2E6E1A92899F6C800844770 /* AppDelegate.swift */,
				A2E6E1AB2899F6C800844770 /* SceneDelegate.swift */,
			);
			path = App;
			sourceTree = "<group>";
		};
		A2E6E1CB2899FAD900844770 /* Constant */ = {
			isa = PBXGroup;
			children = (
				A2E6E1C32899F88B00844770 /* Keys.swift */,
				A2E6E1C92899F9CE00844770 /* Constants.swift */,
			);
			path = Constant;
			sourceTree = "<group>";
		};
		A2F2E49E289CEC8D002DB67E /* APIManager */ = {
			isa = PBXGroup;
			children = (
				A2F2E49F289CECE1002DB67E /* MovieAPIManager.swift */,
				A2F2E4A1289CF552002DB67E /* MovieAPIModel.swift */,
			);
			path = APIManager;
			sourceTree = "<group>";
		};
/* End PBXGroup section */

/* Begin PBXNativeTarget section */
		A2E6E1A52899F6C800844770 /* TMDBProject */ = {
			isa = PBXNativeTarget;
			buildConfigurationList = A2E6E1BA2899F6C900844770 /* Build configuration list for PBXNativeTarget "TMDBProject" */;
			buildPhases = (
				A2E6E1A22899F6C800844770 /* Sources */,
				A2E6E1A32899F6C800844770 /* Frameworks */,
				A2E6E1A42899F6C800844770 /* Resources */,
			);
			buildRules = (
			);
			dependencies = (
			);
			name = TMDBProject;
			packageProductDependencies = (
				A2D34888289AD5D500677714 /* SwiftyJSON */,
				A2D3488B289AD7B400677714 /* Alamofire */,
				A2D3488E289B4BC000677714 /* Kingfisher */,
				A2D34894289B506800677714 /* JGProgressHUD */,
				A235312B289BC1130067F2F2 /* Tabman */,
			);
			productName = TMDBProject;
			productReference = A2E6E1A62899F6C800844770 /* TMDBProject.app */;
			productType = "com.apple.product-type.application";
		};
/* End PBXNativeTarget section */

/* Begin PBXProject section */
		A2E6E19E2899F6C800844770 /* Project object */ = {
			isa = PBXProject;
			attributes = {
				BuildIndependentTargetsInParallel = 1;
				LastSwiftUpdateCheck = 1340;
				LastUpgradeCheck = 1340;
				TargetAttributes = {
					A2E6E1A52899F6C800844770 = {
						CreatedOnToolsVersion = 13.4.1;
					};
				};
			};
			buildConfigurationList = A2E6E1A12899F6C800844770 /* Build configuration list for PBXProject "TMDBProject" */;
			compatibilityVersion = "Xcode 13.0";
			developmentRegion = en;
			hasScannedForEncodings = 0;
			knownRegions = (
				en,
				Base,
			);
			mainGroup = A2E6E19D2899F6C800844770;
			packageReferences = (
				A2D34887289AD5D500677714 /* XCRemoteSwiftPackageReference "SwiftyJSON" */,
				A2D3488A289AD7B400677714 /* XCRemoteSwiftPackageReference "Alamofire" */,
				A2D3488D289B4BC000677714 /* XCRemoteSwiftPackageReference "Kingfisher" */,
				A2D34893289B506800677714 /* XCRemoteSwiftPackageReference "JGProgressHUD" */,
				A235312A289BC1130067F2F2 /* XCRemoteSwiftPackageReference "Tabman" */,
			);
			productRefGroup = A2E6E1A72899F6C800844770 /* Products */;
			projectDirPath = "";
			projectRoot = "";
			targets = (
				A2E6E1A52899F6C800844770 /* TMDBProject */,
			);
		};
/* End PBXProject section */

/* Begin PBXResourcesBuildPhase section */
		A2E6E1A42899F6C800844770 /* Resources */ = {
			isa = PBXResourcesBuildPhase;
			buildActionMask = 2147483647;
			files = (
				A2E6E1BE2899F7D600844770 /* .gitignore in Resources */,
				A2CA112C289C402A004A3897 /* Main.storyboard in Resources */,
				A2C27A0B28A2A4970016E150 /* CardView.xib in Resources */,
				A2E6E1B62899F6C900844770 /* LaunchScreen.storyboard in Resources */,
				A2E6E1B32899F6C900844770 /* Assets.xcassets in Resources */,
				A29DE88A28AE3E5D005BF8F0 /* WalkThrough.storyboard in Resources */,
				A2C27A1128A2A71F0016E150 /* CardCollectionViewCell.xib in Resources */,
				A2CA1144289C931C004A3897 /* EmptyCollectionViewCell.xib in Resources */,
			);
			runOnlyForDeploymentPostprocessing = 0;
		};
/* End PBXResourcesBuildPhase section */

/* Begin PBXSourcesBuildPhase section */
		A2E6E1A22899F6C800844770 /* Sources */ = {
			isa = PBXSourcesBuildPhase;
			buildActionMask = 2147483647;
			files = (
				A2CA113E289C40B0004A3897 /* MovieOverviewTableViewCell.swift in Sources */,
				A2E6E1CA2899F9CE00844770 /* Constants.swift in Sources */,
				A29DE88C28AE3EA1005BF8F0 /* WalkThroughPageViewController.swift in Sources */,
				A2E6E1C42899F88B00844770 /* Keys.swift in Sources */,
				A2C27A0828A2A3C70016E150 /* RecommendationViewController.swift in Sources */,
				A2E6E1AA2899F6C800844770 /* AppDelegate.swift in Sources */,
				A29DE89028AE3F23005BF8F0 /* SecondViewController.swift in Sources */,
				A2C27A1328A2A7E60016E150 /* RecommendationTableViewCell.swift in Sources */,
				A2CA1135289C40A1004A3897 /* MovieViewController.swift in Sources */,
				A2F2E4A0289CECE1002DB67E /* MovieAPIManager.swift in Sources */,
				A2A5586A28A56D92000E6F0A /* TheaterModel.swift in Sources */,
				A2C27A0D28A2A5EC0016E150 /* CardView.swift in Sources */,
				A2C27A1028A2A71F0016E150 /* CardCollectionViewCell.swift in Sources */,
				A2CA113D289C40B0004A3897 /* MovieCastTableViewCell.swift in Sources */,
				A2E6E1AC2899F6C800844770 /* SceneDelegate.swift in Sources */,
				A2A5586828A566EC000E6F0A /* TheaterViewController.swift in Sources */,
				A2CA1131289C4070004A3897 /* PersonViewController.swift in Sources */,
				A2CA1143289C931C004A3897 /* EmptyCollectionViewCell.swift in Sources */,
				A2CA1132289C4070004A3897 /* DramaViewController.swift in Sources */,
				A29DE89228AE3F41005BF8F0 /* ThirdViewController.swift in Sources */,
				A2F2E4A2289CF552002DB67E /* MovieAPIModel.swift in Sources */,
				A2CA113C289C40B0004A3897 /* MovieDetailViewController.swift in Sources */,
				A29DE88E28AE3EF7005BF8F0 /* FirstViewController.swift in Sources */,
				A20CCA69289D50AB00AF8113 /* WebViewController.swift in Sources */,
				A28CCF4E289E8AFC0001584E /* TabPageCollectionViewCell.swift in Sources */,
				A28CCF57289EB8E10001584E /* CircularCollectionViewLayout.swift in Sources */,
				A2CA112E289C405D004A3897 /* MainViewController.swift in Sources */,
			);
			runOnlyForDeploymentPostprocessing = 0;
		};
/* End PBXSourcesBuildPhase section */

/* Begin PBXVariantGroup section */
		A2E6E1B42899F6C900844770 /* LaunchScreen.storyboard */ = {
			isa = PBXVariantGroup;
			children = (
				A2E6E1B52899F6C900844770 /* Base */,
			);
			name = LaunchScreen.storyboard;
			sourceTree = "<group>";
		};
/* End PBXVariantGroup section */

/* Begin XCBuildConfiguration section */
		A2E6E1B82899F6C900844770 /* Debug */ = {
			isa = XCBuildConfiguration;
			buildSettings = {
				ALWAYS_SEARCH_USER_PATHS = NO;
				CLANG_ANALYZER_NONNULL = YES;
				CLANG_ANALYZER_NUMBER_OBJECT_CONVERSION = YES_AGGRESSIVE;
				CLANG_CXX_LANGUAGE_STANDARD = "gnu++17";
				CLANG_ENABLE_MODULES = YES;
				CLANG_ENABLE_OBJC_ARC = YES;
				CLANG_ENABLE_OBJC_WEAK = YES;
				CLANG_WARN_BLOCK_CAPTURE_AUTORELEASING = YES;
				CLANG_WARN_BOOL_CONVERSION = YES;
				CLANG_WARN_COMMA = YES;
				CLANG_WARN_CONSTANT_CONVERSION = YES;
				CLANG_WARN_DEPRECATED_OBJC_IMPLEMENTATIONS = YES;
				CLANG_WARN_DIRECT_OBJC_ISA_USAGE = YES_ERROR;
				CLANG_WARN_DOCUMENTATION_COMMENTS = YES;
				CLANG_WARN_EMPTY_BODY = YES;
				CLANG_WARN_ENUM_CONVERSION = YES;
				CLANG_WARN_INFINITE_RECURSION = YES;
				CLANG_WARN_INT_CONVERSION = YES;
				CLANG_WARN_NON_LITERAL_NULL_CONVERSION = YES;
				CLANG_WARN_OBJC_IMPLICIT_RETAIN_SELF = YES;
				CLANG_WARN_OBJC_LITERAL_CONVERSION = YES;
				CLANG_WARN_OBJC_ROOT_CLASS = YES_ERROR;
				CLANG_WARN_QUOTED_INCLUDE_IN_FRAMEWORK_HEADER = YES;
				CLANG_WARN_RANGE_LOOP_ANALYSIS = YES;
				CLANG_WARN_STRICT_PROTOTYPES = YES;
				CLANG_WARN_SUSPICIOUS_MOVE = YES;
				CLANG_WARN_UNGUARDED_AVAILABILITY = YES_AGGRESSIVE;
				CLANG_WARN_UNREACHABLE_CODE = YES;
				CLANG_WARN__DUPLICATE_METHOD_MATCH = YES;
				COPY_PHASE_STRIP = NO;
				DEBUG_INFORMATION_FORMAT = dwarf;
				ENABLE_STRICT_OBJC_MSGSEND = YES;
				ENABLE_TESTABILITY = YES;
				GCC_C_LANGUAGE_STANDARD = gnu11;
				GCC_DYNAMIC_NO_PIC = NO;
				GCC_NO_COMMON_BLOCKS = YES;
				GCC_OPTIMIZATION_LEVEL = 0;
				GCC_PREPROCESSOR_DEFINITIONS = (
					"DEBUG=1",
					"$(inherited)",
				);
				GCC_WARN_64_TO_32_BIT_CONVERSION = YES;
				GCC_WARN_ABOUT_RETURN_TYPE = YES_ERROR;
				GCC_WARN_UNDECLARED_SELECTOR = YES;
				GCC_WARN_UNINITIALIZED_AUTOS = YES_AGGRESSIVE;
				GCC_WARN_UNUSED_FUNCTION = YES;
				GCC_WARN_UNUSED_VARIABLE = YES;
				IPHONEOS_DEPLOYMENT_TARGET = 15.5;
				MTL_ENABLE_DEBUG_INFO = INCLUDE_SOURCE;
				MTL_FAST_MATH = YES;
				ONLY_ACTIVE_ARCH = YES;
				SDKROOT = iphoneos;
				SWIFT_ACTIVE_COMPILATION_CONDITIONS = DEBUG;
				SWIFT_OPTIMIZATION_LEVEL = "-Onone";
			};
			name = Debug;
		};
		A2E6E1B92899F6C900844770 /* Release */ = {
			isa = XCBuildConfiguration;
			buildSettings = {
				ALWAYS_SEARCH_USER_PATHS = NO;
				CLANG_ANALYZER_NONNULL = YES;
				CLANG_ANALYZER_NUMBER_OBJECT_CONVERSION = YES_AGGRESSIVE;
				CLANG_CXX_LANGUAGE_STANDARD = "gnu++17";
				CLANG_ENABLE_MODULES = YES;
				CLANG_ENABLE_OBJC_ARC = YES;
				CLANG_ENABLE_OBJC_WEAK = YES;
				CLANG_WARN_BLOCK_CAPTURE_AUTORELEASING = YES;
				CLANG_WARN_BOOL_CONVERSION = YES;
				CLANG_WARN_COMMA = YES;
				CLANG_WARN_CONSTANT_CONVERSION = YES;
				CLANG_WARN_DEPRECATED_OBJC_IMPLEMENTATIONS = YES;
				CLANG_WARN_DIRECT_OBJC_ISA_USAGE = YES_ERROR;
				CLANG_WARN_DOCUMENTATION_COMMENTS = YES;
				CLANG_WARN_EMPTY_BODY = YES;
				CLANG_WARN_ENUM_CONVERSION = YES;
				CLANG_WARN_INFINITE_RECURSION = YES;
				CLANG_WARN_INT_CONVERSION = YES;
				CLANG_WARN_NON_LITERAL_NULL_CONVERSION = YES;
				CLANG_WARN_OBJC_IMPLICIT_RETAIN_SELF = YES;
				CLANG_WARN_OBJC_LITERAL_CONVERSION = YES;
				CLANG_WARN_OBJC_ROOT_CLASS = YES_ERROR;
				CLANG_WARN_QUOTED_INCLUDE_IN_FRAMEWORK_HEADER = YES;
				CLANG_WARN_RANGE_LOOP_ANALYSIS = YES;
				CLANG_WARN_STRICT_PROTOTYPES = YES;
				CLANG_WARN_SUSPICIOUS_MOVE = YES;
				CLANG_WARN_UNGUARDED_AVAILABILITY = YES_AGGRESSIVE;
				CLANG_WARN_UNREACHABLE_CODE = YES;
				CLANG_WARN__DUPLICATE_METHOD_MATCH = YES;
				COPY_PHASE_STRIP = NO;
				DEBUG_INFORMATION_FORMAT = "dwarf-with-dsym";
				ENABLE_NS_ASSERTIONS = NO;
				ENABLE_STRICT_OBJC_MSGSEND = YES;
				GCC_C_LANGUAGE_STANDARD = gnu11;
				GCC_NO_COMMON_BLOCKS = YES;
				GCC_WARN_64_TO_32_BIT_CONVERSION = YES;
				GCC_WARN_ABOUT_RETURN_TYPE = YES_ERROR;
				GCC_WARN_UNDECLARED_SELECTOR = YES;
				GCC_WARN_UNINITIALIZED_AUTOS = YES_AGGRESSIVE;
				GCC_WARN_UNUSED_FUNCTION = YES;
				GCC_WARN_UNUSED_VARIABLE = YES;
				IPHONEOS_DEPLOYMENT_TARGET = 15.5;
				MTL_ENABLE_DEBUG_INFO = NO;
				MTL_FAST_MATH = YES;
				SDKROOT = iphoneos;
				SWIFT_COMPILATION_MODE = wholemodule;
				SWIFT_OPTIMIZATION_LEVEL = "-O";
				VALIDATE_PRODUCT = YES;
			};
			name = Release;
		};
		A2E6E1BB2899F6C900844770 /* Debug */ = {
			isa = XCBuildConfiguration;
			buildSettings = {
				ASSETCATALOG_COMPILER_APPICON_NAME = AppIcon;
				ASSETCATALOG_COMPILER_GLOBAL_ACCENT_COLOR_NAME = AccentColor;
				CODE_SIGN_STYLE = Automatic;
				CURRENT_PROJECT_VERSION = 1;
				DEVELOPMENT_TEAM = F7B353LPM3;
				GENERATE_INFOPLIST_FILE = YES;
				INFOPLIST_FILE = TMDBProject/Info.plist;
				INFOPLIST_KEY_UIApplicationSupportsIndirectInputEvents = YES;
				INFOPLIST_KEY_UILaunchStoryboardName = LaunchScreen;
				INFOPLIST_KEY_UIMainStoryboardFile = Main;
				INFOPLIST_KEY_UISupportedInterfaceOrientations_iPad = "UIInterfaceOrientationPortrait UIInterfaceOrientationPortraitUpsideDown UIInterfaceOrientationLandscapeLeft UIInterfaceOrientationLandscapeRight";
				INFOPLIST_KEY_UISupportedInterfaceOrientations_iPhone = "UIInterfaceOrientationPortrait UIInterfaceOrientationLandscapeLeft UIInterfaceOrientationLandscapeRight";
				LD_RUNPATH_SEARCH_PATHS = (
					"$(inherited)",
					"@executable_path/Frameworks",
				);
				MARKETING_VERSION = 1.0;
				PRODUCT_BUNDLE_IDENTIFIER = com.kimdee.TMDBProject;
				PRODUCT_NAME = "$(TARGET_NAME)";
				SWIFT_EMIT_LOC_STRINGS = YES;
				SWIFT_VERSION = 5.0;
				TARGETED_DEVICE_FAMILY = "1,2";
			};
			name = Debug;
		};
		A2E6E1BC2899F6C900844770 /* Release */ = {
			isa = XCBuildConfiguration;
			buildSettings = {
				ASSETCATALOG_COMPILER_APPICON_NAME = AppIcon;
				ASSETCATALOG_COMPILER_GLOBAL_ACCENT_COLOR_NAME = AccentColor;
				CODE_SIGN_STYLE = Automatic;
				CURRENT_PROJECT_VERSION = 1;
				DEVELOPMENT_TEAM = F7B353LPM3;
				GENERATE_INFOPLIST_FILE = YES;
				INFOPLIST_FILE = TMDBProject/Info.plist;
				INFOPLIST_KEY_UIApplicationSupportsIndirectInputEvents = YES;
				INFOPLIST_KEY_UILaunchStoryboardName = LaunchScreen;
				INFOPLIST_KEY_UIMainStoryboardFile = Main;
				INFOPLIST_KEY_UISupportedInterfaceOrientations_iPad = "UIInterfaceOrientationPortrait UIInterfaceOrientationPortraitUpsideDown UIInterfaceOrientationLandscapeLeft UIInterfaceOrientationLandscapeRight";
				INFOPLIST_KEY_UISupportedInterfaceOrientations_iPhone = "UIInterfaceOrientationPortrait UIInterfaceOrientationLandscapeLeft UIInterfaceOrientationLandscapeRight";
				LD_RUNPATH_SEARCH_PATHS = (
					"$(inherited)",
					"@executable_path/Frameworks",
				);
				MARKETING_VERSION = 1.0;
				PRODUCT_BUNDLE_IDENTIFIER = com.kimdee.TMDBProject;
				PRODUCT_NAME = "$(TARGET_NAME)";
				SWIFT_EMIT_LOC_STRINGS = YES;
				SWIFT_VERSION = 5.0;
				TARGETED_DEVICE_FAMILY = "1,2";
			};
			name = Release;
		};
/* End XCBuildConfiguration section */

/* Begin XCConfigurationList section */
		A2E6E1A12899F6C800844770 /* Build configuration list for PBXProject "TMDBProject" */ = {
			isa = XCConfigurationList;
			buildConfigurations = (
				A2E6E1B82899F6C900844770 /* Debug */,
				A2E6E1B92899F6C900844770 /* Release */,
			);
			defaultConfigurationIsVisible = 0;
			defaultConfigurationName = Release;
		};
		A2E6E1BA2899F6C900844770 /* Build configuration list for PBXNativeTarget "TMDBProject" */ = {
			isa = XCConfigurationList;
			buildConfigurations = (
				A2E6E1BB2899F6C900844770 /* Debug */,
				A2E6E1BC2899F6C900844770 /* Release */,
			);
			defaultConfigurationIsVisible = 0;
			defaultConfigurationName = Release;
		};
/* End XCConfigurationList section */

/* Begin XCRemoteSwiftPackageReference section */
		A235312A289BC1130067F2F2 /* XCRemoteSwiftPackageReference "Tabman" */ = {
			isa = XCRemoteSwiftPackageReference;
			repositoryURL = "https://github.com/uias/Tabman";
			requirement = {
				kind = upToNextMajorVersion;
				minimumVersion = 2.0.0;
			};
		};
		A2D34887289AD5D500677714 /* XCRemoteSwiftPackageReference "SwiftyJSON" */ = {
			isa = XCRemoteSwiftPackageReference;
			repositoryURL = "https://github.com/SwiftyJSON/SwiftyJSON";
			requirement = {
				kind = upToNextMajorVersion;
				minimumVersion = 5.0.0;
			};
		};
		A2D3488A289AD7B400677714 /* XCRemoteSwiftPackageReference "Alamofire" */ = {
			isa = XCRemoteSwiftPackageReference;
			repositoryURL = "https://github.com/Alamofire/Alamofire";
			requirement = {
				kind = upToNextMajorVersion;
				minimumVersion = 5.0.0;
			};
		};
		A2D3488D289B4BC000677714 /* XCRemoteSwiftPackageReference "Kingfisher" */ = {
			isa = XCRemoteSwiftPackageReference;
			repositoryURL = "https://github.com/onevcat/Kingfisher";
			requirement = {
				kind = upToNextMajorVersion;
				minimumVersion = 7.0.0;
			};
		};
		A2D34893289B506800677714 /* XCRemoteSwiftPackageReference "JGProgressHUD" */ = {
			isa = XCRemoteSwiftPackageReference;
			repositoryURL = "https://github.com/JonasGessner/JGProgressHUD";
			requirement = {
				kind = upToNextMajorVersion;
				minimumVersion = 2.0.0;
			};
		};
/* End XCRemoteSwiftPackageReference section */

/* Begin XCSwiftPackageProductDependency section */
		A235312B289BC1130067F2F2 /* Tabman */ = {
			isa = XCSwiftPackageProductDependency;
			package = A235312A289BC1130067F2F2 /* XCRemoteSwiftPackageReference "Tabman" */;
			productName = Tabman;
		};
		A2D34888289AD5D500677714 /* SwiftyJSON */ = {
			isa = XCSwiftPackageProductDependency;
			package = A2D34887289AD5D500677714 /* XCRemoteSwiftPackageReference "SwiftyJSON" */;
			productName = SwiftyJSON;
		};
		A2D3488B289AD7B400677714 /* Alamofire */ = {
			isa = XCSwiftPackageProductDependency;
			package = A2D3488A289AD7B400677714 /* XCRemoteSwiftPackageReference "Alamofire" */;
			productName = Alamofire;
		};
		A2D3488E289B4BC000677714 /* Kingfisher */ = {
			isa = XCSwiftPackageProductDependency;
			package = A2D3488D289B4BC000677714 /* XCRemoteSwiftPackageReference "Kingfisher" */;
			productName = Kingfisher;
		};
		A2D34894289B506800677714 /* JGProgressHUD */ = {
			isa = XCSwiftPackageProductDependency;
			package = A2D34893289B506800677714 /* XCRemoteSwiftPackageReference "JGProgressHUD" */;
			productName = JGProgressHUD;
		};
/* End XCSwiftPackageProductDependency section */
	};
	rootObject = A2E6E19E2899F6C800844770 /* Project object */;
}
